[[package]]
category = "main"
description = "Disable App Nap on OS X 10.9"
marker = "sys_platform == \"darwin\""
name = "appnope"
optional = false
python-versions = "*"
version = "0.1.0"

[[package]]
category = "dev"
description = "Atomic file writes."
marker = "sys_platform == \"win32\""
name = "atomicwrites"
optional = false
python-versions = ">=2.7, !=3.0.*, !=3.1.*, !=3.2.*, !=3.3.*"
version = "1.4.0"

[[package]]
category = "dev"
description = "Classes Without Boilerplate"
name = "attrs"
optional = false
python-versions = ">=2.7, !=3.0.*, !=3.1.*, !=3.2.*, !=3.3.*"
version = "19.3.0"

[package.extras]
azure-pipelines = ["coverage", "hypothesis", "pympler", "pytest (>=4.3.0)", "six", "zope.interface", "pytest-azurepipelines"]
dev = ["coverage", "hypothesis", "pympler", "pytest (>=4.3.0)", "six", "zope.interface", "sphinx", "pre-commit"]
docs = ["sphinx", "zope.interface"]
tests = ["coverage", "hypothesis", "pympler", "pytest (>=4.3.0)", "six", "zope.interface"]

[[package]]
category = "main"
description = "Specifications for callback functions passed in to an API"
name = "backcall"
optional = false
python-versions = "*"
version = "0.2.0"

[[package]]
category = "main"
description = "Cross-platform colored terminal text."
marker = "sys_platform == \"win32\""
name = "colorama"
optional = false
python-versions = ">=2.7, !=3.0.*, !=3.1.*, !=3.2.*, !=3.3.*, !=3.4.*"
version = "0.4.3"

[[package]]
category = "main"
description = "Composable style cycles"
name = "cycler"
optional = false
python-versions = "*"
version = "0.10.0"

[package.dependencies]
six = "*"

[[package]]
category = "main"
description = "Decorators for Humans"
name = "decorator"
optional = false
python-versions = ">=2.6, !=3.0.*, !=3.1.*"
version = "4.4.2"

[[package]]
category = "main"
description = "Guppy 3 -- Guppy-PE ported to Python 3"
name = "guppy3"
optional = false
python-versions = ">=3.5"
version = "3.0.10.post1"

[[package]]
category = "dev"
description = "Read metadata from Python packages"
marker = "python_version < \"3.8\""
name = "importlib-metadata"
optional = false
python-versions = "!=3.0.*,!=3.1.*,!=3.2.*,!=3.3.*,!=3.4.*,>=2.7"
version = "1.6.1"

[package.dependencies]
zipp = ">=0.5"

[package.extras]
docs = ["sphinx", "rst.linker"]
testing = ["packaging", "pep517", "importlib-resources (>=1.3)"]

[[package]]
category = "main"
description = "IPython: Productive Interactive Computing"
name = "ipython"
optional = false
python-versions = ">=3.6"
version = "7.15.0"

[package.dependencies]
appnope = "*"
backcall = "*"
colorama = "*"
decorator = "*"
jedi = ">=0.10"
pexpect = "*"
pickleshare = "*"
prompt-toolkit = ">=2.0.0,<3.0.0 || >3.0.0,<3.0.1 || >3.0.1,<3.1.0"
pygments = "*"
setuptools = ">=18.5"
traitlets = ">=4.2"

[package.extras]
all = ["Sphinx (>=1.3)", "ipykernel", "ipyparallel", "ipywidgets", "nbconvert", "nbformat", "nose (>=0.10.1)", "notebook", "numpy (>=1.14)", "pygments", "qtconsole", "requests", "testpath"]
doc = ["Sphinx (>=1.3)"]
kernel = ["ipykernel"]
nbconvert = ["nbconvert"]
nbformat = ["nbformat"]
notebook = ["notebook", "ipywidgets"]
parallel = ["ipyparallel"]
qtconsole = ["qtconsole"]
test = ["nose (>=0.10.1)", "requests", "testpath", "pygments", "nbformat", "ipykernel", "numpy (>=1.14)"]

[[package]]
category = "main"
description = "Vestigial utilities from IPython"
name = "ipython-genutils"
optional = false
python-versions = "*"
version = "0.2.0"

[[package]]
category = "main"
description = "An autocompletion tool for Python that can be used for text editors."
name = "jedi"
optional = false
python-versions = ">=2.7, !=3.0.*, !=3.1.*, !=3.2.*, !=3.3.*, !=3.4.*"
version = "0.17.1"

[package.dependencies]
parso = ">=0.7.0,<0.8.0"

[package.extras]
qa = ["flake8 (3.7.9)"]
testing = ["Django (<3.1)", "colorama", "docopt", "pytest (>=3.9.0,<5.0.0)"]

[[package]]
category = "main"
description = "A fast implementation of the Cassowary constraint solver"
name = "kiwisolver"
optional = false
python-versions = ">=3.6"
version = "1.2.0"

[[package]]
category = "main"
description = "Line-by-line profiler."
name = "line-profiler"
optional = false
python-versions = "*"
version = "3.0.2"

[[package]]
category = "main"
description = "Python plotting package"
name = "matplotlib"
optional = false
python-versions = ">=3.6"
version = "3.2.2"

[package.dependencies]
cycler = ">=0.10"
kiwisolver = ">=1.0.1"
numpy = ">=1.11"
pyparsing = ">=2.0.1,<2.0.4 || >2.0.4,<2.1.2 || >2.1.2,<2.1.6 || >2.1.6"
python-dateutil = ">=2.1"

[[package]]
category = "main"
description = "A module for monitoring memory usage of a python program"
name = "memory-profiler"
optional = false
python-versions = "*"
version = "0.57.0"

[package.dependencies]
psutil = "*"

[[package]]
category = "dev"
description = "More routines for operating on iterables, beyond itertools"
name = "more-itertools"
optional = false
python-versions = ">=3.5"
version = "8.4.0"

[[package]]
category = "main"
description = "Fast numerical expression evaluator for NumPy"
name = "numexpr"
optional = false
python-versions = "*"
version = "2.7.1"

[package.dependencies]
numpy = ">=1.7"

[[package]]
category = "main"
description = "NumPy is the fundamental package for array computing with Python."
name = "numpy"
optional = false
python-versions = ">=3.5"
version = "1.18.5"

[[package]]
category = "dev"
description = "Core utilities for Python packages"
name = "packaging"
optional = false
python-versions = ">=2.7, !=3.0.*, !=3.1.*, !=3.2.*, !=3.3.*"
version = "20.4"

[package.dependencies]
pyparsing = ">=2.0.2"
six = "*"

[[package]]
category = "main"
description = "A Python Parser"
name = "parso"
optional = false
python-versions = ">=2.7, !=3.0.*, !=3.1.*, !=3.2.*, !=3.3.*"
version = "0.7.0"

[package.extras]
testing = ["docopt", "pytest (>=3.0.7)"]

[[package]]
category = "main"
description = "Pexpect allows easy control of interactive console applications."
marker = "sys_platform != \"win32\""
name = "pexpect"
optional = false
python-versions = "*"
version = "4.8.0"

[package.dependencies]
ptyprocess = ">=0.5"

[[package]]
category = "main"
description = "Tiny 'shelve'-like database with concurrency support"
name = "pickleshare"
optional = false
python-versions = "*"
version = "0.7.5"

[[package]]
category = "dev"
description = "plugin and hook calling mechanisms for python"
name = "pluggy"
optional = false
python-versions = ">=2.7, !=3.0.*, !=3.1.*, !=3.2.*, !=3.3.*"
version = "0.13.1"

[package.dependencies]
[package.dependencies.importlib-metadata]
python = "<3.8"
version = ">=0.12"

[package.extras]
dev = ["pre-commit", "tox"]

[[package]]
category = "main"
description = "Library for building powerful interactive command lines in Python"
name = "prompt-toolkit"
optional = false
python-versions = ">=3.6.1"
version = "3.0.5"

[package.dependencies]
wcwidth = "*"

[[package]]
category = "main"
description = "Cross-platform lib for process and system monitoring in Python."
name = "psutil"
optional = false
python-versions = ">=2.6, !=3.0.*, !=3.1.*, !=3.2.*, !=3.3.*"
version = "5.7.0"

[package.extras]
enum = ["enum34"]

[[package]]
category = "main"
description = "Run a subprocess in a pseudo terminal"
marker = "sys_platform != \"win32\""
name = "ptyprocess"
optional = false
python-versions = "*"
version = "0.6.0"

[[package]]
category = "dev"
description = "library with cross-python path, ini-parsing, io, code, log facilities"
name = "py"
optional = false
python-versions = ">=2.7, !=3.0.*, !=3.1.*, !=3.2.*, !=3.3.*"
version = "1.8.2"

[[package]]
category = "main"
description = "Pygments is a syntax highlighting package written in Python."
name = "pygments"
optional = false
python-versions = ">=3.5"
version = "2.6.1"

[[package]]
category = "main"
description = "A development tool to measure, monitor and analyze the memory behavior of Python objects."
name = "pympler"
optional = false
python-versions = "*"
version = "0.8"

[[package]]
category = "main"
description = "Python parsing module"
name = "pyparsing"
optional = false
python-versions = ">=2.6, !=3.0.*, !=3.1.*, !=3.2.*"
version = "2.4.7"

[[package]]
category = "dev"
description = "pytest: simple powerful testing with Python"
name = "pytest"
optional = false
python-versions = ">=3.5"
version = "5.4.3"

[package.dependencies]
atomicwrites = ">=1.0"
attrs = ">=17.4.0"
colorama = "*"
more-itertools = ">=4.0.0"
packaging = "*"
pluggy = ">=0.12,<1.0"
py = ">=1.5.0"
wcwidth = "*"

[package.dependencies.importlib-metadata]
python = "<3.8"
version = ">=0.12"

[package.extras]
checkqa-mypy = ["mypy (v0.761)"]
testing = ["argcomplete", "hypothesis (>=3.56)", "mock", "nose", "requests", "xmlschema"]

[[package]]
category = "main"
description = "Extensions to the standard Python datetime module"
name = "python-dateutil"
optional = false
python-versions = "!=3.0.*,!=3.1.*,!=3.2.*,>=2.7"
version = "2.8.1"

[package.dependencies]
six = ">=1.5"

[[package]]
category = "main"
description = "Python 2 and 3 compatibility utilities"
name = "six"
optional = false
python-versions = ">=2.7, !=3.0.*, !=3.1.*, !=3.2.*"
version = "1.15.0"

[[package]]
category = "main"
description = "Traitlets Python config system"
name = "traitlets"
optional = false
python-versions = "*"
version = "4.3.3"

[package.dependencies]
decorator = "*"
ipython-genutils = "*"
six = "*"

[package.extras]
test = ["pytest", "mock"]

[[package]]
category = "main"
description = "Measures the displayed width of unicode strings in a terminal"
name = "wcwidth"
optional = false
python-versions = "*"
version = "0.2.4"

[[package]]
category = "dev"
description = "Backport of pathlib-compatible object wrapper for zip files"
marker = "python_version < \"3.8\""
name = "zipp"
optional = false
python-versions = ">=3.6"
version = "3.1.0"

[package.extras]
docs = ["sphinx", "jaraco.packaging (>=3.2)", "rst.linker (>=1.9)"]
testing = ["jaraco.itertools", "func-timeout"]

[metadata]
content-hash = "78cfadb56f24cf737e5e0f6a5f043af6eee74ef49f8c370066d8f85d6578215e"
python-versions = "^3.7"

[metadata.files]
appnope = [
    {file = "appnope-0.1.0-py2.py3-none-any.whl", hash = "sha256:5b26757dc6f79a3b7dc9fab95359328d5747fcb2409d331ea66d0272b90ab2a0"},
    {file = "appnope-0.1.0.tar.gz", hash = "sha256:8b995ffe925347a2138d7ac0fe77155e4311a0ea6d6da4f5128fe4b3cbe5ed71"},
]
atomicwrites = [
    {file = "atomicwrites-1.4.0-py2.py3-none-any.whl", hash = "sha256:6d1784dea7c0c8d4a5172b6c620f40b6e4cbfdf96d783691f2e1302a7b88e197"},
    {file = "atomicwrites-1.4.0.tar.gz", hash = "sha256:ae70396ad1a434f9c7046fd2dd196fc04b12f9e91ffb859164193be8b6168a7a"},
]
attrs = [
    {file = "attrs-19.3.0-py2.py3-none-any.whl", hash = "sha256:08a96c641c3a74e44eb59afb61a24f2cb9f4d7188748e76ba4bb5edfa3cb7d1c"},
    {file = "attrs-19.3.0.tar.gz", hash = "sha256:f7b7ce16570fe9965acd6d30101a28f62fb4a7f9e926b3bbc9b61f8b04247e72"},
]
backcall = [
    {file = "backcall-0.2.0-py2.py3-none-any.whl", hash = "sha256:fbbce6a29f263178a1f7915c1940bde0ec2b2a967566fe1c65c1dfb7422bd255"},
    {file = "backcall-0.2.0.tar.gz", hash = "sha256:5cbdbf27be5e7cfadb448baf0aa95508f91f2bbc6c6437cd9cd06e2a4c215e1e"},
]
colorama = [
    {file = "colorama-0.4.3-py2.py3-none-any.whl", hash = "sha256:7d73d2a99753107a36ac6b455ee49046802e59d9d076ef8e47b61499fa29afff"},
    {file = "colorama-0.4.3.tar.gz", hash = "sha256:e96da0d330793e2cb9485e9ddfd918d456036c7149416295932478192f4436a1"},
]
cycler = [
    {file = "cycler-0.10.0-py2.py3-none-any.whl", hash = "sha256:1d8a5ae1ff6c5cf9b93e8811e581232ad8920aeec647c37316ceac982b08cb2d"},
    {file = "cycler-0.10.0.tar.gz", hash = "sha256:cd7b2d1018258d7247a71425e9f26463dfb444d411c39569972f4ce586b0c9d8"},
]
decorator = [
    {file = "decorator-4.4.2-py2.py3-none-any.whl", hash = "sha256:41fa54c2a0cc4ba648be4fd43cff00aedf5b9465c9bf18d64325bc225f08f760"},
    {file = "decorator-4.4.2.tar.gz", hash = "sha256:e3a62f0520172440ca0dcc823749319382e377f37f140a0b99ef45fecb84bfe7"},
]
guppy3 = [
    {file = "guppy3-3.0.10.post1-cp35-cp35m-macosx_10_9_x86_64.whl", hash = "sha256:57637276558bb82d0622e43a61538db08450a584aa9e6b20d5d319b68c079ccb"},
    {file = "guppy3-3.0.10.post1-cp35-cp35m-manylinux1_i686.whl", hash = "sha256:5c53734922c1fbf24beca68cc20277af5a5bea5d16215156b39afabf92a5a18f"},
    {file = "guppy3-3.0.10.post1-cp35-cp35m-manylinux1_x86_64.whl", hash = "sha256:13c804d5d933c3ba226a41c8a9edc1899e48eef25e09e4c973a9fd6e24d6b6b3"},
    {file = "guppy3-3.0.10.post1-cp35-cp35m-manylinux2010_i686.whl", hash = "sha256:40579ea6aa21685afcbd99f4f0e2e2fdf0f7c4df6294c48b29560740efc0cc09"},
    {file = "guppy3-3.0.10.post1-cp35-cp35m-manylinux2010_x86_64.whl", hash = "sha256:31c5548caced30f542978ce04605cfdcd01a8b09ebd25ad93f544b6ffada4b4e"},
    {file = "guppy3-3.0.10.post1-cp35-cp35m-win32.whl", hash = "sha256:8e2bf3625b76d7bd5040e4c35d6983a786de90fd50bfad6e06b93f175312b831"},
    {file = "guppy3-3.0.10.post1-cp35-cp35m-win_amd64.whl", hash = "sha256:df3179250212408ce8bb03a5dbbfc143ffb352c32c08145758e97cc1e83d2550"},
    {file = "guppy3-3.0.10.post1-cp36-cp36m-macosx_10_9_x86_64.whl", hash = "sha256:544df75f384a6de6c5a98600155ed5c71c45b5a44207be16b7c3abc9b8e5426d"},
    {file = "guppy3-3.0.10.post1-cp36-cp36m-manylinux1_i686.whl", hash = "sha256:ab3e08775659e8b8d2c5b46ee3cccfb727fc41bd6c8d99a14bd7745f24a0c605"},
    {file = "guppy3-3.0.10.post1-cp36-cp36m-manylinux1_x86_64.whl", hash = "sha256:e7ce770ec28a0f32398de6cc9daae85336043d7d32a95d69fd014ec7abb72072"},
    {file = "guppy3-3.0.10.post1-cp36-cp36m-manylinux2010_i686.whl", hash = "sha256:71520a994ac3327fea38c1e4b8190f524e96a1bd3ab75ae63896ed822426fe27"},
    {file = "guppy3-3.0.10.post1-cp36-cp36m-manylinux2010_x86_64.whl", hash = "sha256:796b206a93a70220d896a22675d5110ddef9ed82658fc693804cc59cdbbe1589"},
    {file = "guppy3-3.0.10.post1-cp36-cp36m-win32.whl", hash = "sha256:fd5c8fa49b1f103fade11953e7949bb5ebe53d8a84c30d6d0a10f6c9dfcbbf71"},
    {file = "guppy3-3.0.10.post1-cp36-cp36m-win_amd64.whl", hash = "sha256:1c31f39ee3f8491a196e66035e2edb4b2217586c4e3ac62c4576a8363ef42547"},
    {file = "guppy3-3.0.10.post1-cp37-cp37m-macosx_10_9_x86_64.whl", hash = "sha256:3df35144fa9ab7eb6b35965c1fa6096f1fae14fef37bfdca6f3469490d44c211"},
    {file = "guppy3-3.0.10.post1-cp37-cp37m-manylinux1_i686.whl", hash = "sha256:d5df2711a3cc2f4440e2bdec920369330559407f9b7928ccd71a77ff9fe0da94"},
    {file = "guppy3-3.0.10.post1-cp37-cp37m-manylinux1_x86_64.whl", hash = "sha256:86b2ec364cb164438ab1341421421f3aad68817b36f22c1970c948c225754cc5"},
    {file = "guppy3-3.0.10.post1-cp37-cp37m-manylinux2010_i686.whl", hash = "sha256:f8fe7aa42fb12bf6e31d58c24dcee0578f9cda0ec18ce91938da9dfb28f934a6"},
    {file = "guppy3-3.0.10.post1-cp37-cp37m-manylinux2010_x86_64.whl", hash = "sha256:ebee9ae1c02b4a007d6ae1f669d5b65431178df54c3e929af82b0131a0a1c67c"},
    {file = "guppy3-3.0.10.post1-cp37-cp37m-win32.whl", hash = "sha256:270caa9baef382f68273f27a28ea3df267c5f6a68ce2655a501ed293bfbedbb5"},
    {file = "guppy3-3.0.10.post1-cp37-cp37m-win_amd64.whl", hash = "sha256:feeaa7271565da677ed17ec57347e9e1e30002f8d5817e408eff9df3683a8722"},
    {file = "guppy3-3.0.10.post1-cp38-cp38-macosx_10_9_x86_64.whl", hash = "sha256:30badae3dd2a23f1c348f04bced3960efca325f0599f9b9cd1b73b3537678e44"},
    {file = "guppy3-3.0.10.post1-cp38-cp38-manylinux1_i686.whl", hash = "sha256:b3e05164ff8e440ab82a670fda99ab1e6f369770e69edfb2a6ba1cf8cb43f7dd"},
    {file = "guppy3-3.0.10.post1-cp38-cp38-manylinux1_x86_64.whl", hash = "sha256:e59ed985209abccfe7a8f41c3e1d64dd71a4d32287db1ec77a0e55d0371b3e4d"},
    {file = "guppy3-3.0.10.post1-cp38-cp38-manylinux2010_i686.whl", hash = "sha256:0b30b563e52a59a665a36559989690fcac4085f0fd6382a5d9255c92eaff8a6c"},
    {file = "guppy3-3.0.10.post1-cp38-cp38-manylinux2010_x86_64.whl", hash = "sha256:6fc7911e0ae148404c4d13d33062603f3b3d1f825b034ea291d0ae71c4592b3b"},
    {file = "guppy3-3.0.10.post1-cp38-cp38-win32.whl", hash = "sha256:fcc44cf850d6196c39cf1ed31b5f245267d8606bcbb63e1af59e1a7eaa8d364a"},
    {file = "guppy3-3.0.10.post1-cp38-cp38-win_amd64.whl", hash = "sha256:8667b59bd7702b4f1aec0519f9bff9ee656bc56383bb647fdc7b64b1667a72ee"},
    {file = "guppy3-3.0.10.post1.tar.gz", hash = "sha256:c67a3cdb1923ace502aff8831cf4830ddc8c37c05065a7093dde5fa6fa1fb31c"},
]
importlib-metadata = [
    {file = "importlib_metadata-1.6.1-py2.py3-none-any.whl", hash = "sha256:15ec6c0fd909e893e3a08b3a7c76ecb149122fb14b7efe1199ddd4c7c57ea958"},
    {file = "importlib_metadata-1.6.1.tar.gz", hash = "sha256:0505dd08068cfec00f53a74a0ad927676d7757da81b7436a6eefe4c7cf75c545"},
]
ipython = [
    {file = "ipython-7.15.0-py3-none-any.whl", hash = "sha256:1b85d65632211bf5d3e6f1406f3393c8c429a47d7b947b9a87812aa5bce6595c"},
    {file = "ipython-7.15.0.tar.gz", hash = "sha256:0ef1433879816a960cd3ae1ae1dc82c64732ca75cec8dab5a4e29783fb571d0e"},
]
ipython-genutils = [
    {file = "ipython_genutils-0.2.0-py2.py3-none-any.whl", hash = "sha256:72dd37233799e619666c9f639a9da83c34013a73e8bbc79a7a6348d93c61fab8"},
    {file = "ipython_genutils-0.2.0.tar.gz", hash = "sha256:eb2e116e75ecef9d4d228fdc66af54269afa26ab4463042e33785b887c628ba8"},
]
jedi = [
    {file = "jedi-0.17.1-py2.py3-none-any.whl", hash = "sha256:1ddb0ec78059e8e27ec9eb5098360b4ea0a3dd840bedf21415ea820c21b40a22"},
    {file = "jedi-0.17.1.tar.gz", hash = "sha256:807d5d4f96711a2bcfdd5dfa3b1ae6d09aa53832b182090b222b5efb81f52f63"},
]
kiwisolver = [
    {file = "kiwisolver-1.2.0-cp36-cp36m-macosx_10_9_x86_64.whl", hash = "sha256:443c2320520eda0a5b930b2725b26f6175ca4453c61f739fef7a5847bd262f74"},
    {file = "kiwisolver-1.2.0-cp36-cp36m-manylinux1_i686.whl", hash = "sha256:efcf3397ae1e3c3a4a0a0636542bcad5adad3b1dd3e8e629d0b6e201347176c8"},
    {file = "kiwisolver-1.2.0-cp36-cp36m-manylinux1_x86_64.whl", hash = "sha256:fccefc0d36a38c57b7bd233a9b485e2f1eb71903ca7ad7adacad6c28a56d62d2"},
    {file = "kiwisolver-1.2.0-cp36-none-win32.whl", hash = "sha256:60a78858580761fe611d22127868f3dc9f98871e6fdf0a15cc4203ed9ba6179b"},
    {file = "kiwisolver-1.2.0-cp36-none-win_amd64.whl", hash = "sha256:556da0a5f60f6486ec4969abbc1dd83cf9b5c2deadc8288508e55c0f5f87d29c"},
    {file = "kiwisolver-1.2.0-cp37-cp37m-macosx_10_9_x86_64.whl", hash = "sha256:7cc095a4661bdd8a5742aaf7c10ea9fac142d76ff1770a0f84394038126d8fc7"},
    {file = "kiwisolver-1.2.0-cp37-cp37m-manylinux1_i686.whl", hash = "sha256:c955791d80e464da3b471ab41eb65cf5a40c15ce9b001fdc5bbc241170de58ec"},
    {file = "kiwisolver-1.2.0-cp37-cp37m-manylinux1_x86_64.whl", hash = "sha256:603162139684ee56bcd57acc74035fceed7dd8d732f38c0959c8bd157f913fec"},
    {file = "kiwisolver-1.2.0-cp37-none-win32.whl", hash = "sha256:03662cbd3e6729f341a97dd2690b271e51a67a68322affab12a5b011344b973c"},
    {file = "kiwisolver-1.2.0-cp37-none-win_amd64.whl", hash = "sha256:4eadb361baf3069f278b055e3bb53fa189cea2fd02cb2c353b7a99ebb4477ef1"},
    {file = "kiwisolver-1.2.0-cp38-cp38-macosx_10_9_x86_64.whl", hash = "sha256:c31bc3c8e903d60a1ea31a754c72559398d91b5929fcb329b1c3a3d3f6e72113"},
    {file = "kiwisolver-1.2.0-cp38-cp38-manylinux1_i686.whl", hash = "sha256:d52b989dc23cdaa92582ceb4af8d5bcc94d74b2c3e64cd6785558ec6a879793e"},
    {file = "kiwisolver-1.2.0-cp38-cp38-manylinux1_x86_64.whl", hash = "sha256:e586b28354d7b6584d8973656a7954b1c69c93f708c0c07b77884f91640b7657"},
    {file = "kiwisolver-1.2.0-cp38-none-win32.whl", hash = "sha256:d069ef4b20b1e6b19f790d00097a5d5d2c50871b66d10075dab78938dc2ee2cf"},
    {file = "kiwisolver-1.2.0-cp38-none-win_amd64.whl", hash = "sha256:18d749f3e56c0480dccd1714230da0f328e6e4accf188dd4e6884bdd06bf02dd"},
    {file = "kiwisolver-1.2.0.tar.gz", hash = "sha256:247800260cd38160c362d211dcaf4ed0f7816afb5efe56544748b21d6ad6d17f"},
]
line-profiler = [
    {file = "line_profiler-3.0.2-cp27-cp27mu-manylinux1_x86_64.whl", hash = "sha256:6b0fac29475169e0da386288dff114614a480b5fec50edd93650dec1593c9081"},
    {file = "line_profiler-3.0.2-cp27-cp27mu-manylinux2010_x86_64.whl", hash = "sha256:a65c028ec3b59664c0d6d74ab7cd3beb2976a5ce190dd78c87b53fe583feed86"},
    {file = "line_profiler-3.0.2-cp35-cp35m-manylinux1_x86_64.whl", hash = "sha256:5dab026056c24d76542da4869e7de484f02ea121c110428508a25fdb0ba7b31f"},
    {file = "line_profiler-3.0.2-cp35-cp35m-manylinux2010_x86_64.whl", hash = "sha256:a52653098906d92f976ebc20284d84a82cc6277d0ff3f49d24e276ffbfae1f7b"},
    {file = "line_profiler-3.0.2-cp36-cp36m-manylinux1_x86_64.whl", hash = "sha256:b233d18630b729614416d5f0a7f8f37c02e1adea9cf4bae44cddbc4aa1506440"},
    {file = "line_profiler-3.0.2-cp36-cp36m-manylinux2010_x86_64.whl", hash = "sha256:ca07bffbada30d29c51305307fda9ec3573cb8c691c5e7d4cb6efe0852cc370e"},
    {file = "line_profiler-3.0.2-cp37-cp37m-manylinux1_x86_64.whl", hash = "sha256:e095430561ae8166d698a02ec9c08a30a7018baceda423e8919e390e0ba9acda"},
    {file = "line_profiler-3.0.2-cp37-cp37m-manylinux2010_x86_64.whl", hash = "sha256:09422d9f117aa1892adf84f4adce0be1882584a95b032dacd7f459238006080a"},
    {file = "line_profiler-3.0.2-cp38-cp38-manylinux1_x86_64.whl", hash = "sha256:84147decf73b4c77a1bf4ff7b70f218947c41af7d34ca6668ff08a347e62d41b"},
    {file = "line_profiler-3.0.2-cp38-cp38-manylinux2010_x86_64.whl", hash = "sha256:6923599a35ead6fc423ce5ba8474908e61f90f7e479a912b9eff0dbe5804c6ee"},
    {file = "line_profiler-3.0.2.tar.gz", hash = "sha256:7218ad6bd81f8649b211974bf108933910f016d66b49651effe7bbf63667d141"},
]
matplotlib = [
    {file = "matplotlib-3.2.2-cp36-cp36m-macosx_10_9_x86_64.whl", hash = "sha256:a47abc48c7b81fe6e636dde8a58e49b13d87d140e0f448213a4879f4a3f73345"},
    {file = "matplotlib-3.2.2-cp36-cp36m-manylinux1_x86_64.whl", hash = "sha256:20bcd11efe194cd302bd0653cb025b8d16bcd80442359bfca8d49dc805f35ec8"},
    {file = "matplotlib-3.2.2-cp36-cp36m-win32.whl", hash = "sha256:2a6d64336b547e25730b6221e7aadfb01a391a065d43b5f51f0b9d7f673d2dd2"},
    {file = "matplotlib-3.2.2-cp36-cp36m-win_amd64.whl", hash = "sha256:4416825ebc9c1f135027a30e8d8aea0edcf45078ce767c7f7386737413cfb98f"},
    {file = "matplotlib-3.2.2-cp37-cp37m-macosx_10_9_x86_64.whl", hash = "sha256:465c752278d27895e23f1379d6fcfa3a2990643b803c25e3bc16a10641d2346a"},
    {file = "matplotlib-3.2.2-cp37-cp37m-manylinux1_x86_64.whl", hash = "sha256:81de040403a33bf3c68e9d4a40e26c8d24da00f7e3fadd845003b7e106785da7"},
    {file = "matplotlib-3.2.2-cp37-cp37m-win32.whl", hash = "sha256:006413f08ba5db1f5b1e0d6fbdc2ac9058b062ccf552f57182563a78579c34b4"},
    {file = "matplotlib-3.2.2-cp37-cp37m-win_amd64.whl", hash = "sha256:da06fa530591a141ffbe1712bbeec784734c3436b40c942d21652f305199b5d9"},
    {file = "matplotlib-3.2.2-cp38-cp38-macosx_10_9_x86_64.whl", hash = "sha256:894dd47c0a6ce38dc19bc87d1f7e2b0608310b2a18d1572291157450b05ce874"},
    {file = "matplotlib-3.2.2-cp38-cp38-manylinux1_x86_64.whl", hash = "sha256:1ab264770e7cf2cf4feb99f22c737066aef21ddf1ec402dc255450ac15eacb7b"},
    {file = "matplotlib-3.2.2-cp38-cp38-win32.whl", hash = "sha256:91c153f4318e3c67c035fd1185f5ea2613f15008b73b66985033033f6fe54bbd"},
    {file = "matplotlib-3.2.2-cp38-cp38-win_amd64.whl", hash = "sha256:a68e42e22f7fd190a532e4215e142276970c2d54040a0c46842fcb3db8b6ec5b"},
    {file = "matplotlib-3.2.2-cp39-cp39-win32.whl", hash = "sha256:647cf232ccf6265d2ba1ac4103e8c8b6ac7b03a40da3421234ffb03dda217f59"},
    {file = "matplotlib-3.2.2-cp39-cp39-win_amd64.whl", hash = "sha256:31d32c83bb2b617377c6156f75e88b9ec2ded289e47ad4ff0f263dc1019d88b1"},
    {file = "matplotlib-3.2.2-pp36-pypy36_pp73-win32.whl", hash = "sha256:67065d938df34478451af62fbd0670d2b51c4d859fb66673064eb5de8660dd7c"},
    {file = "matplotlib-3.2.2.tar.gz", hash = "sha256:3d77a6630d093d74cbbfebaa0571d00790966be1ed204e4a8239f5cbd6835c5d"},
]
memory-profiler = [
    {file = "memory_profiler-0.57.0.tar.gz", hash = "sha256:23b196f91ea9ac9996e30bfab1e82fecc30a4a1d24870e81d1e81625f786a2c3"},
]
more-itertools = [
    {file = "more-itertools-8.4.0.tar.gz", hash = "sha256:68c70cc7167bdf5c7c9d8f6954a7837089c6a36bf565383919bb595efb8a17e5"},
    {file = "more_itertools-8.4.0-py3-none-any.whl", hash = "sha256:b78134b2063dd214000685165d81c154522c3ee0a1c0d4d113c80361c234c5a2"},
]
numexpr = [
    {file = "numexpr-2.7.1-cp27-cp27m-macosx_10_6_intel.whl", hash = "sha256:c169e1424d495b7efefe69c046cbf89ae0dc7a071a89b6b844ae328ac48fccbc"},
    {file = "numexpr-2.7.1-cp27-cp27m-manylinux1_i686.whl", hash = "sha256:3d83f6f3d6d449eb82a4a5bd56b9d61c9e1ade65b1188052700171051329888b"},
    {file = "numexpr-2.7.1-cp27-cp27m-manylinux1_x86_64.whl", hash = "sha256:e518918a077478523d89060a8eb59178fd80f7f1273fe1a74088c46163fa49b5"},
    {file = "numexpr-2.7.1-cp27-cp27mu-manylinux1_i686.whl", hash = "sha256:81ff83abc969288673ad37055fef3e5e80cdc87f90245b76c0af9bdef6d5c509"},
    {file = "numexpr-2.7.1-cp27-cp27mu-manylinux1_x86_64.whl", hash = "sha256:57b7fcf2d0a1370bc9a380f3a96f6d10e4dfab5081b61a198a8d23b80c33e634"},
    {file = "numexpr-2.7.1-cp27-none-win32.whl", hash = "sha256:e6a7d0c269a3d9e117072551e78ec5332ece7297f80acf6447d701de0328e7df"},
    {file = "numexpr-2.7.1-cp27-none-win_amd64.whl", hash = "sha256:49f835568c864b444fa6fccf64cc01ff51a6171311742451ac4a176df471f9d8"},
    {file = "numexpr-2.7.1-cp35-cp35m-macosx_10_6_intel.whl", hash = "sha256:9e7dbf2a849c34f5e61f9b8119688108f7b5dec97ee8ea2946440bc69a4b28d0"},
    {file = "numexpr-2.7.1-cp35-cp35m-manylinux1_i686.whl", hash = "sha256:583fcf614521edf6eb1326e982d6fe3951dbd451d63e51f7438f0142b491d43f"},
    {file = "numexpr-2.7.1-cp35-cp35m-manylinux1_x86_64.whl", hash = "sha256:0eb8d1a949dcc3eea633438af939f406aaaf240ae69b4ab85ed0c11b8d5e77ee"},
    {file = "numexpr-2.7.1-cp35-none-win32.whl", hash = "sha256:841c23811b00f35b4ce2c330b57c4398ff4a61af4488ce0e013e5039bba68188"},
    {file = "numexpr-2.7.1-cp35-none-win_amd64.whl", hash = "sha256:59984617a50369670a88a0f0b6decdf59a93828dc42e29c8851bcffcedf0695b"},
    {file = "numexpr-2.7.1-cp36-cp36m-macosx_10_6_intel.whl", hash = "sha256:2cb778a74f315aafc8eded19781e444269bd45f4ce3095697595e5000dc20f8a"},
    {file = "numexpr-2.7.1-cp36-cp36m-manylinux1_i686.whl", hash = "sha256:687fa9521dbafb130f42d61462f968f211f7eb364f2789c5fbe65d82809ad6b2"},
    {file = "numexpr-2.7.1-cp36-cp36m-manylinux1_x86_64.whl", hash = "sha256:280c316d56903d20a474c5e03c073371b8879842b8070606cef0c1ea7371933a"},
    {file = "numexpr-2.7.1-cp36-none-win32.whl", hash = "sha256:208597cacb191fe983b4ae05dc9ae8177b17d82a0d9f34719d71ac614744f53b"},
    {file = "numexpr-2.7.1-cp36-none-win_amd64.whl", hash = "sha256:57d9ccd0820b7f5b1bed5100dd54a5ae52c39eb5b7e54317ae29e31ed9bd9edf"},
    {file = "numexpr-2.7.1-cp37-cp37m-macosx_10_6_intel.whl", hash = "sha256:78c7040baf20036f0d85308fd5f8322e30d553b8daff1de264394014feb62cc0"},
    {file = "numexpr-2.7.1-cp37-cp37m-manylinux1_x86_64.whl", hash = "sha256:33a610bb775a84ab8ded0af4041df2e931ce7edf5b465ccd9851511429c86d0f"},
    {file = "numexpr-2.7.1-cp37-none-win32.whl", hash = "sha256:4655276892b5274015377a4487e1c57cc257c666e5578e12679029cc1124fb08"},
    {file = "numexpr-2.7.1-cp37-none-win_amd64.whl", hash = "sha256:84d10e27833a5be6c9a61350cba2acb2f36af1e71c4d47c390b4cc80704ccb55"},
    {file = "numexpr-2.7.1-cp38-cp38-macosx_10_9_x86_64.whl", hash = "sha256:9f91ea6385f743d5ef5ef0a074270a057115d8a4c57625800dd25b5912f563b2"},
    {file = "numexpr-2.7.1-cp38-cp38-manylinux1_i686.whl", hash = "sha256:eb2bd8656ee2a92b2e928904d6b7ad434f559b1f74a381ff5f36ad987badd1a6"},
    {file = "numexpr-2.7.1-cp38-cp38-manylinux1_x86_64.whl", hash = "sha256:a478e224a23609e1bef45b44a65aad2f158a3072947fc0085c231953b1fafdcd"},
    {file = "numexpr-2.7.1-cp38-none-win32.whl", hash = "sha256:7cd5369c2f8cb4bac57571e52bca1a9ccc0260567cefa39ac40680dad0e9df4c"},
    {file = "numexpr-2.7.1-cp38-none-win_amd64.whl", hash = "sha256:659cee220ebe4bf88cb527ca9723d7cb390e93cbae8729ff5e927d06713bad26"},
    {file = "numexpr-2.7.1.tar.gz", hash = "sha256:b0d239d9827e1bcee08344fd05835823bc60aff97232e35a928214d03ff802b1"},
]
numpy = [
    {file = "numpy-1.18.5-cp35-cp35m-macosx_10_9_intel.whl", hash = "sha256:e91d31b34fc7c2c8f756b4e902f901f856ae53a93399368d9a0dc7be17ed2ca0"},
    {file = "numpy-1.18.5-cp35-cp35m-manylinux1_i686.whl", hash = "sha256:7d42ab8cedd175b5ebcb39b5208b25ba104842489ed59fbb29356f671ac93583"},
    {file = "numpy-1.18.5-cp35-cp35m-manylinux1_x86_64.whl", hash = "sha256:a78e438db8ec26d5d9d0e584b27ef25c7afa5a182d1bf4d05e313d2d6d515271"},
    {file = "numpy-1.18.5-cp35-cp35m-win32.whl", hash = "sha256:a87f59508c2b7ceb8631c20630118cc546f1f815e034193dc72390db038a5cb3"},
    {file = "numpy-1.18.5-cp35-cp35m-win_amd64.whl", hash = "sha256:965df25449305092b23d5145b9bdaeb0149b6e41a77a7d728b1644b3c99277c1"},
    {file = "numpy-1.18.5-cp36-cp36m-macosx_10_9_x86_64.whl", hash = "sha256:ac792b385d81151bae2a5a8adb2b88261ceb4976dbfaaad9ce3a200e036753dc"},
    {file = "numpy-1.18.5-cp36-cp36m-manylinux1_i686.whl", hash = "sha256:ef627986941b5edd1ed74ba89ca43196ed197f1a206a3f18cc9faf2fb84fd675"},
    {file = "numpy-1.18.5-cp36-cp36m-manylinux1_x86_64.whl", hash = "sha256:f718a7949d1c4f622ff548c572e0c03440b49b9531ff00e4ed5738b459f011e8"},
    {file = "numpy-1.18.5-cp36-cp36m-win32.whl", hash = "sha256:4064f53d4cce69e9ac613256dc2162e56f20a4e2d2086b1956dd2fcf77b7fac5"},
    {file = "numpy-1.18.5-cp36-cp36m-win_amd64.whl", hash = "sha256:b03b2c0badeb606d1232e5f78852c102c0a7989d3a534b3129e7856a52f3d161"},
    {file = "numpy-1.18.5-cp37-cp37m-macosx_10_9_x86_64.whl", hash = "sha256:a7acefddf994af1aeba05bbbafe4ba983a187079f125146dc5859e6d817df824"},
    {file = "numpy-1.18.5-cp37-cp37m-manylinux1_i686.whl", hash = "sha256:cd49930af1d1e49a812d987c2620ee63965b619257bd76eaaa95870ca08837cf"},
    {file = "numpy-1.18.5-cp37-cp37m-manylinux1_x86_64.whl", hash = "sha256:b39321f1a74d1f9183bf1638a745b4fd6fe80efbb1f6b32b932a588b4bc7695f"},
    {file = "numpy-1.18.5-cp37-cp37m-win32.whl", hash = "sha256:cae14a01a159b1ed91a324722d746523ec757357260c6804d11d6147a9e53e3f"},
    {file = "numpy-1.18.5-cp37-cp37m-win_amd64.whl", hash = "sha256:0172304e7d8d40e9e49553901903dc5f5a49a703363ed756796f5808a06fc233"},
    {file = "numpy-1.18.5-cp38-cp38-macosx_10_9_x86_64.whl", hash = "sha256:e15b382603c58f24265c9c931c9a45eebf44fe2e6b4eaedbb0d025ab3255228b"},
    {file = "numpy-1.18.5-cp38-cp38-manylinux1_i686.whl", hash = "sha256:3676abe3d621fc467c4c1469ee11e395c82b2d6b5463a9454e37fe9da07cd0d7"},
    {file = "numpy-1.18.5-cp38-cp38-manylinux1_x86_64.whl", hash = "sha256:4674f7d27a6c1c52a4d1aa5f0881f1eff840d2206989bae6acb1c7668c02ebfb"},
    {file = "numpy-1.18.5-cp38-cp38-win32.whl", hash = "sha256:9c9d6531bc1886454f44aa8f809268bc481295cf9740827254f53c30104f074a"},
    {file = "numpy-1.18.5-cp38-cp38-win_amd64.whl", hash = "sha256:3dd6823d3e04b5f223e3e265b4a1eae15f104f4366edd409e5a5e413a98f911f"},
    {file = "numpy-1.18.5.zip", hash = "sha256:34e96e9dae65c4839bd80012023aadd6ee2ccb73ce7fdf3074c62f301e63120b"},
]
packaging = [
    {file = "packaging-20.4-py2.py3-none-any.whl", hash = "sha256:998416ba6962ae7fbd6596850b80e17859a5753ba17c32284f67bfff33784181"},
    {file = "packaging-20.4.tar.gz", hash = "sha256:4357f74f47b9c12db93624a82154e9b120fa8293699949152b22065d556079f8"},
]
parso = [
    {file = "parso-0.7.0-py2.py3-none-any.whl", hash = "sha256:158c140fc04112dc45bca311633ae5033c2c2a7b732fa33d0955bad8152a8dd0"},
    {file = "parso-0.7.0.tar.gz", hash = "sha256:908e9fae2144a076d72ae4e25539143d40b8e3eafbaeae03c1bfe226f4cdf12c"},
]
pexpect = [
    {file = "pexpect-4.8.0-py2.py3-none-any.whl", hash = "sha256:0b48a55dcb3c05f3329815901ea4fc1537514d6ba867a152b581d69ae3710937"},
    {file = "pexpect-4.8.0.tar.gz", hash = "sha256:fc65a43959d153d0114afe13997d439c22823a27cefceb5ff35c2178c6784c0c"},
]
pickleshare = [
    {file = "pickleshare-0.7.5-py2.py3-none-any.whl", hash = "sha256:9649af414d74d4df115d5d718f82acb59c9d418196b7b4290ed47a12ce62df56"},
    {file = "pickleshare-0.7.5.tar.gz", hash = "sha256:87683d47965c1da65cdacaf31c8441d12b8044cdec9aca500cd78fc2c683afca"},
]
pluggy = [
    {file = "pluggy-0.13.1-py2.py3-none-any.whl", hash = "sha256:966c145cd83c96502c3c3868f50408687b38434af77734af1e9ca461a4081d2d"},
    {file = "pluggy-0.13.1.tar.gz", hash = "sha256:15b2acde666561e1298d71b523007ed7364de07029219b604cf808bfa1c765b0"},
]
prompt-toolkit = [
    {file = "prompt_toolkit-3.0.5-py3-none-any.whl", hash = "sha256:df7e9e63aea609b1da3a65641ceaf5bc7d05e0a04de5bd45d05dbeffbabf9e04"},
    {file = "prompt_toolkit-3.0.5.tar.gz", hash = "sha256:563d1a4140b63ff9dd587bda9557cffb2fe73650205ab6f4383092fb882e7dc8"},
]
psutil = [
    {file = "psutil-5.7.0-cp27-none-win32.whl", hash = "sha256:298af2f14b635c3c7118fd9183843f4e73e681bb6f01e12284d4d70d48a60953"},
    {file = "psutil-5.7.0-cp27-none-win_amd64.whl", hash = "sha256:75e22717d4dbc7ca529ec5063000b2b294fc9a367f9c9ede1f65846c7955fd38"},
    {file = "psutil-5.7.0-cp35-cp35m-win32.whl", hash = "sha256:f344ca230dd8e8d5eee16827596f1c22ec0876127c28e800d7ae20ed44c4b310"},
    {file = "psutil-5.7.0-cp35-cp35m-win_amd64.whl", hash = "sha256:e2d0c5b07c6fe5a87fa27b7855017edb0d52ee73b71e6ee368fae268605cc3f5"},
    {file = "psutil-5.7.0-cp36-cp36m-win32.whl", hash = "sha256:a02f4ac50d4a23253b68233b07e7cdb567bd025b982d5cf0ee78296990c22d9e"},
    {file = "psutil-5.7.0-cp36-cp36m-win_amd64.whl", hash = "sha256:1413f4158eb50e110777c4f15d7c759521703bd6beb58926f1d562da40180058"},
    {file = "psutil-5.7.0-cp37-cp37m-win32.whl", hash = "sha256:d008ddc00c6906ec80040d26dc2d3e3962109e40ad07fd8a12d0284ce5e0e4f8"},
    {file = "psutil-5.7.0-cp37-cp37m-win_amd64.whl", hash = "sha256:73f35ab66c6c7a9ce82ba44b1e9b1050be2a80cd4dcc3352cc108656b115c74f"},
    {file = "psutil-5.7.0-cp38-cp38-win32.whl", hash = "sha256:60b86f327c198561f101a92be1995f9ae0399736b6eced8f24af41ec64fb88d4"},
    {file = "psutil-5.7.0-cp38-cp38-win_amd64.whl", hash = "sha256:d84029b190c8a66a946e28b4d3934d2ca1528ec94764b180f7d6ea57b0e75e26"},
    {file = "psutil-5.7.0.tar.gz", hash = "sha256:685ec16ca14d079455892f25bd124df26ff9137664af445563c1bd36629b5e0e"},
]
ptyprocess = [
    {file = "ptyprocess-0.6.0-py2.py3-none-any.whl", hash = "sha256:d7cc528d76e76342423ca640335bd3633420dc1366f258cb31d05e865ef5ca1f"},
    {file = "ptyprocess-0.6.0.tar.gz", hash = "sha256:923f299cc5ad920c68f2bc0bc98b75b9f838b93b599941a6b63ddbc2476394c0"},
]
py = [
    {file = "py-1.8.2-py2.py3-none-any.whl", hash = "sha256:a673fa23d7000440cc885c17dbd34fafcb7d7a6e230b29f6766400de36a33c44"},
    {file = "py-1.8.2.tar.gz", hash = "sha256:f3b3a4c36512a4c4f024041ab51866f11761cc169670204b235f6b20523d4e6b"},
]
pygments = [
    {file = "Pygments-2.6.1-py3-none-any.whl", hash = "sha256:ff7a40b4860b727ab48fad6360eb351cc1b33cbf9b15a0f689ca5353e9463324"},
    {file = "Pygments-2.6.1.tar.gz", hash = "sha256:647344a061c249a3b74e230c739f434d7ea4d8b1d5f3721bc0f3558049b38f44"},
]
pympler = [
    {file = "Pympler-0.8.tar.gz", hash = "sha256:f74cd2982c5cd92ded55561191945616f2bb904a0ae5cdacdb566c6696bdb922"},
]
pyparsing = [
    {file = "pyparsing-2.4.7-py2.py3-none-any.whl", hash = "sha256:ef9d7589ef3c200abe66653d3f1ab1033c3c419ae9b9bdb1240a85b024efc88b"},
    {file = "pyparsing-2.4.7.tar.gz", hash = "sha256:c203ec8783bf771a155b207279b9bccb8dea02d8f0c9e5f8ead507bc3246ecc1"},
]
pytest = [
    {file = "pytest-5.4.3-py3-none-any.whl", hash = "sha256:5c0db86b698e8f170ba4582a492248919255fcd4c79b1ee64ace34301fb589a1"},
    {file = "pytest-5.4.3.tar.gz", hash = "sha256:7979331bfcba207414f5e1263b5a0f8f521d0f457318836a7355531ed1a4c7d8"},
]
python-dateutil = [
    {file = "python-dateutil-2.8.1.tar.gz", hash = "sha256:73ebfe9dbf22e832286dafa60473e4cd239f8592f699aa5adaf10050e6e1823c"},
    {file = "python_dateutil-2.8.1-py2.py3-none-any.whl", hash = "sha256:75bb3f31ea686f1197762692a9ee6a7550b59fc6ca3a1f4b5d7e32fb98e2da2a"},
]
six = [
    {file = "six-1.15.0-py2.py3-none-any.whl", hash = "sha256:8b74bedcbbbaca38ff6d7491d76f2b06b3592611af620f8426e82dddb04a5ced"},
    {file = "six-1.15.0.tar.gz", hash = "sha256:30639c035cdb23534cd4aa2dd52c3bf48f06e5f4a941509c8bafd8ce11080259"},
]
traitlets = [
    {file = "traitlets-4.3.3-py2.py3-none-any.whl", hash = "sha256:70b4c6a1d9019d7b4f6846832288f86998aa3b9207c6821f3578a6a6a467fe44"},
    {file = "traitlets-4.3.3.tar.gz", hash = "sha256:d023ee369ddd2763310e4c3eae1ff649689440d4ae59d7485eb4cfbbe3e359f7"},
]
wcwidth = [
    {file = "wcwidth-0.2.4-py2.py3-none-any.whl", hash = "sha256:79375666b9954d4a1a10739315816324c3e73110af9d0e102d906fdb0aec009f"},
    {file = "wcwidth-0.2.4.tar.gz", hash = "sha256:8c6b5b6ee1360b842645f336d9e5d68c55817c26d3050f46b235ef2bc650e48f"},
]
zipp = [
    {file = "zipp-3.1.0-py3-none-any.whl", hash = "sha256:aa36550ff0c0b7ef7fa639055d797116ee891440eac1a56f378e2d3179e0320b"},
    {file = "zipp-3.1.0.tar.gz", hash = "sha256:c599e4d75c98f6798c509911d08a22e6c021d074469042177c8c86fb92eefd96"},
]
